// !$*UTF8*$!
{
	archiveVersion = 1;
	classes = {
	};
	objectVersion = 44;
	objects = {

/* Begin PBXBuildFile section */
		8D5B49B0048680CD000E48DA /* InfoPlist.strings in Resources */ = {isa = PBXBuildFile; fileRef = 089C167DFE841241C02AAC07 /* InfoPlist.strings */; };
		8D5B49B4048680CD000E48DA /* Cocoa.framework in Frameworks */ = {isa = PBXBuildFile; fileRef = 1058C7ADFEA557BF11CA2CBB /* Cocoa.framework */; };
		9A39AA3E0CDDD1E700E95DF9 /* MyTTView.m in Sources */ = {isa = PBXBuildFile; fileRef = 9A39AA3D0CDDD1E700E95DF9 /* MyTTView.m */; };
		9AAF80810CD7EBE300ADF8D4 /* MyTermColors.m in Sources */ = {isa = PBXBuildFile; fileRef = 9AAF80800CD7EBE300ADF8D4 /* MyTermColors.m */; };
		9AD68AA20FA11D7F000500AF /* MyTTAppPrefsController.m in Sources */ = {isa = PBXBuildFile; fileRef = 9AD68AA10FA11D7F000500AF /* MyTTAppPrefsController.m */; };
		9ADEC54E0FC1850F00D6CB7F /* MyTTProfile.m in Sources */ = {isa = PBXBuildFile; fileRef = 9ADEC54D0FC1850F00D6CB7F /* MyTTProfile.m */; };
		9ADEC59B0FC1AB3800D6CB7F /* ProfileTableViewDelegate.m in Sources */ = {isa = PBXBuildFile; fileRef = 9ADEC59A0FC1AB3800D6CB7F /* ProfileTableViewDelegate.m */; };
		9AF7C3E70FC0A0E8007B4CE7 /* colors_selector.xib in Resources */ = {isa = PBXBuildFile; fileRef = 9AF7C3E60FC0A0E8007B4CE7 /* colors_selector.xib */; };
/* End PBXBuildFile section */

/* Begin PBXFileReference section */
		089C1672FE841209C02AAC07 /* Foundation.framework */ = {isa = PBXFileReference; lastKnownFileType = wrapper.framework; name = Foundation.framework; path = /System/Library/Frameworks/Foundation.framework; sourceTree = "<absolute>"; };
		089C167EFE841241C02AAC07 /* English */ = {isa = PBXFileReference; fileEncoding = 10; lastKnownFileType = text.plist.strings; name = English; path = English.lproj/InfoPlist.strings; sourceTree = "<group>"; };
		089C167FFE841241C02AAC07 /* AppKit.framework */ = {isa = PBXFileReference; lastKnownFileType = wrapper.framework; name = AppKit.framework; path = /System/Library/Frameworks/AppKit.framework; sourceTree = "<absolute>"; };
		1058C7ADFEA557BF11CA2CBB /* Cocoa.framework */ = {isa = PBXFileReference; lastKnownFileType = wrapper.framework; name = Cocoa.framework; path = /System/Library/Frameworks/Cocoa.framework; sourceTree = "<absolute>"; };
		32DBCF630370AF2F00C91783 /* MyTermColors_Prefix.pch */ = {isa = PBXFileReference; fileEncoding = 4; lastKnownFileType = sourcecode.c.h; path = MyTermColors_Prefix.pch; sourceTree = "<group>"; };
		8D5B49B6048680CD000E48DA /* MyTermColors.bundle */ = {isa = PBXFileReference; explicitFileType = wrapper.cfbundle; includeInIndex = 0; path = MyTermColors.bundle; sourceTree = BUILT_PRODUCTS_DIR; };
		8D5B49B7048680CD000E48DA /* Info.plist */ = {isa = PBXFileReference; fileEncoding = 4; lastKnownFileType = text.plist.xml; path = Info.plist; sourceTree = "<group>"; };
		9A2222550F4087B600F12E27 /* CDStructures.h */ = {isa = PBXFileReference; fileEncoding = 4; lastKnownFileType = sourcecode.c.h; path = CDStructures.h; sourceTree = "<group>"; };
		9A2222560F4087C700F12E27 /* TTAccessibleView.h */ = {isa = PBXFileReference; fileEncoding = 4; lastKnownFileType = sourcecode.c.h; path = TTAccessibleView.h; sourceTree = "<group>"; };
		9A39AA3C0CDDD1E700E95DF9 /* MyTTView.h */ = {isa = PBXFileReference; fileEncoding = 4; lastKnownFileType = sourcecode.c.h; path = MyTTView.h; sourceTree = "<group>"; };
		9A39AA3D0CDDD1E700E95DF9 /* MyTTView.m */ = {isa = PBXFileReference; fileEncoding = 4; lastKnownFileType = sourcecode.c.objc; path = MyTTView.m; sourceTree = "<group>"; };
		9A39AAD80CDDD40800E95DF9 /* TTView.h */ = {isa = PBXFileReference; fileEncoding = 4; lastKnownFileType = sourcecode.c.h; path = TTView.h; sourceTree = "<group>"; };
		9AAF807F0CD7EBE300ADF8D4 /* MyTermColors.h */ = {isa = PBXFileReference; fileEncoding = 4; lastKnownFileType = sourcecode.c.h; path = MyTermColors.h; sourceTree = "<group>"; };
		9AAF80800CD7EBE300ADF8D4 /* MyTermColors.m */ = {isa = PBXFileReference; fileEncoding = 4; lastKnownFileType = sourcecode.c.objc; path = MyTermColors.m; sourceTree = "<group>"; };
		9AD68A920FA11891000500AF /* TTAppPrefsController.h */ = {isa = PBXFileReference; fileEncoding = 4; lastKnownFileType = sourcecode.c.h; path = TTAppPrefsController.h; sourceTree = "<group>"; };
		9AD68AA00FA11D7F000500AF /* MyTTAppPrefsController.h */ = {isa = PBXFileReference; fileEncoding = 4; lastKnownFileType = sourcecode.c.h; path = MyTTAppPrefsController.h; sourceTree = "<group>"; };
		9AD68AA10FA11D7F000500AF /* MyTTAppPrefsController.m */ = {isa = PBXFileReference; fileEncoding = 4; lastKnownFileType = sourcecode.c.objc; path = MyTTAppPrefsController.m; sourceTree = "<group>"; };
		9ADEC5400FC183CD00D6CB7F /* TTProfile.h */ = {isa = PBXFileReference; fileEncoding = 4; lastKnownFileType = sourcecode.c.h; path = TTProfile.h; sourceTree = "<group>"; };
		9ADEC54C0FC1850F00D6CB7F /* MyTTProfile.h */ = {isa = PBXFileReference; fileEncoding = 4; lastKnownFileType = sourcecode.c.h; path = MyTTProfile.h; sourceTree = "<group>"; };
		9ADEC54D0FC1850F00D6CB7F /* MyTTProfile.m */ = {isa = PBXFileReference; fileEncoding = 4; lastKnownFileType = sourcecode.c.objc; path = MyTTProfile.m; sourceTree = "<group>"; };
		9ADEC5990FC1AB3800D6CB7F /* ProfileTableViewDelegate.h */ = {isa = PBXFileReference; fileEncoding = 4; lastKnownFileType = sourcecode.c.h; path = ProfileTableViewDelegate.h; sourceTree = "<group>"; };
		9ADEC59A0FC1AB3800D6CB7F /* ProfileTableViewDelegate.m */ = {isa = PBXFileReference; fileEncoding = 4; lastKnownFileType = sourcecode.c.objc; path = ProfileTableViewDelegate.m; sourceTree = "<group>"; };
		9ADEC5AA0FC1AC9A00D6CB7F /* TTProfileArrayController.h */ = {isa = PBXFileReference; fileEncoding = 4; lastKnownFileType = sourcecode.c.h; path = TTProfileArrayController.h; sourceTree = "<group>"; };
		9AF7C3E60FC0A0E8007B4CE7 /* colors_selector.xib */ = {isa = PBXFileReference; lastKnownFileType = file.xib; path = colors_selector.xib; sourceTree = "<group>"; };
		D2F7E65807B2D6F200F64583 /* CoreData.framework */ = {isa = PBXFileReference; lastKnownFileType = wrapper.framework; name = CoreData.framework; path = /System/Library/Frameworks/CoreData.framework; sourceTree = "<absolute>"; };
/* End PBXFileReference section */

/* Begin PBXFrameworksBuildPhase section */
		8D5B49B3048680CD000E48DA /* Frameworks */ = {
			isa = PBXFrameworksBuildPhase;
			buildActionMask = 2147483647;
			files = (
				8D5B49B4048680CD000E48DA /* Cocoa.framework in Frameworks */,
			);
			runOnlyForDeploymentPostprocessing = 0;
		};
/* End PBXFrameworksBuildPhase section */

/* Begin PBXGroup section */
		089C166AFE841209C02AAC07 /* MyTermColors */ = {
			isa = PBXGroup;
			children = (
				08FB77AFFE84173DC02AAC07 /* Classes */,
				32C88E010371C26100C91783 /* Other Sources */,
				089C167CFE841241C02AAC07 /* Resources */,
				089C1671FE841209C02AAC07 /* Frameworks and Libraries */,
				19C28FB8FE9D52D311CA2CBB /* Products */,
				9AF7C3E60FC0A0E8007B4CE7 /* colors_selector.xib */,
			);
			name = MyTermColors;
			sourceTree = "<group>";
		};
		089C1671FE841209C02AAC07 /* Frameworks and Libraries */ = {
			isa = PBXGroup;
			children = (
				1058C7ACFEA557BF11CA2CBB /* Linked Frameworks */,
				1058C7AEFEA557BF11CA2CBB /* Other Frameworks */,
			);
			name = "Frameworks and Libraries";
			sourceTree = "<group>";
		};
		089C167CFE841241C02AAC07 /* Resources */ = {
			isa = PBXGroup;
			children = (
				8D5B49B7048680CD000E48DA /* Info.plist */,
				089C167DFE841241C02AAC07 /* InfoPlist.strings */,
			);
			name = Resources;
			sourceTree = "<group>";
		};
		08FB77AFFE84173DC02AAC07 /* Classes */ = {
			isa = PBXGroup;
			children = (
				9AD68AA00FA11D7F000500AF /* MyTTAppPrefsController.h */,
				9AD68AA10FA11D7F000500AF /* MyTTAppPrefsController.m */,
				9A39AAE20CDDD42400E95DF9 /* imported */,
				9A39AA3C0CDDD1E700E95DF9 /* MyTTView.h */,
				9A39AA3D0CDDD1E700E95DF9 /* MyTTView.m */,
				9AAF807F0CD7EBE300ADF8D4 /* MyTermColors.h */,
				9AAF80800CD7EBE300ADF8D4 /* MyTermColors.m */,
				9ADEC54C0FC1850F00D6CB7F /* MyTTProfile.h */,
				9ADEC54D0FC1850F00D6CB7F /* MyTTProfile.m */,
				9ADEC5990FC1AB3800D6CB7F /* ProfileTableViewDelegate.h */,
				9ADEC59A0FC1AB3800D6CB7F /* ProfileTableViewDelegate.m */,
			);
			name = Classes;
			sourceTree = "<group>";
		};
		1058C7ACFEA557BF11CA2CBB /* Linked Frameworks */ = {
			isa = PBXGroup;
			children = (
				1058C7ADFEA557BF11CA2CBB /* Cocoa.framework */,
			);
			name = "Linked Frameworks";
			sourceTree = "<group>";
		};
		1058C7AEFEA557BF11CA2CBB /* Other Frameworks */ = {
			isa = PBXGroup;
			children = (
				089C167FFE841241C02AAC07 /* AppKit.framework */,
				D2F7E65807B2D6F200F64583 /* CoreData.framework */,
				089C1672FE841209C02AAC07 /* Foundation.framework */,
			);
			name = "Other Frameworks";
			sourceTree = "<group>";
		};
		19C28FB8FE9D52D311CA2CBB /* Products */ = {
			isa = PBXGroup;
			children = (
				8D5B49B6048680CD000E48DA /* MyTermColors.bundle */,
			);
			name = Products;
			sourceTree = "<group>";
		};
		32C88E010371C26100C91783 /* Other Sources */ = {
			isa = PBXGroup;
			children = (
				32DBCF630370AF2F00C91783 /* MyTermColors_Prefix.pch */,
			);
			name = "Other Sources";
			sourceTree = "<group>";
		};
		9A39AAE20CDDD42400E95DF9 /* imported */ = {
			isa = PBXGroup;
			children = (
				9A2222560F4087C700F12E27 /* TTAccessibleView.h */,
				9A2222550F4087B600F12E27 /* CDStructures.h */,
				9A39AAD80CDDD40800E95DF9 /* TTView.h */,
				9AD68A920FA11891000500AF /* TTAppPrefsController.h */,
				9ADEC5400FC183CD00D6CB7F /* TTProfile.h */,
				9ADEC5AA0FC1AC9A00D6CB7F /* TTProfileArrayController.h */,
			);
			name = imported;
			sourceTree = "<group>";
		};
/* End PBXGroup section */

/* Begin PBXNativeTarget section */
		8D5B49AC048680CD000E48DA /* MyTermColors */ = {
			isa = PBXNativeTarget;
			buildConfigurationList = 1DEB913A08733D840010E9CD /* Build configuration list for PBXNativeTarget "MyTermColors" */;
			buildPhases = (
				8D5B49AF048680CD000E48DA /* Resources */,
				8D5B49B1048680CD000E48DA /* Sources */,
				8D5B49B3048680CD000E48DA /* Frameworks */,
			);
			buildRules = (
			);
			dependencies = (
			);
			name = MyTermColors;
			productInstallPath = "$(HOME)/Library/Bundles";
			productName = MyTermColors;
			productReference = 8D5B49B6048680CD000E48DA /* MyTermColors.bundle */;
			productType = "com.apple.product-type.bundle";
		};
/* End PBXNativeTarget section */

/* Begin PBXProject section */
		089C1669FE841209C02AAC07 /* Project object */ = {
			isa = PBXProject;
			buildConfigurationList = 1DEB913E08733D840010E9CD /* Build configuration list for PBXProject "MyTermColors" */;
			compatibilityVersion = "Xcode 3.0";
			hasScannedForEncodings = 1;
			mainGroup = 089C166AFE841209C02AAC07 /* MyTermColors */;
			projectDirPath = "";
			projectRoot = "";
			targets = (
				8D5B49AC048680CD000E48DA /* MyTermColors */,
			);
		};
/* End PBXProject section */

/* Begin PBXResourcesBuildPhase section */
		8D5B49AF048680CD000E48DA /* Resources */ = {
			isa = PBXResourcesBuildPhase;
			buildActionMask = 2147483647;
			files = (
				8D5B49B0048680CD000E48DA /* InfoPlist.strings in Resources */,
				9AF7C3E70FC0A0E8007B4CE7 /* colors_selector.xib in Resources */,
			);
			runOnlyForDeploymentPostprocessing = 0;
		};
/* End PBXResourcesBuildPhase section */

/* Begin PBXSourcesBuildPhase section */
		8D5B49B1048680CD000E48DA /* Sources */ = {
			isa = PBXSourcesBuildPhase;
			buildActionMask = 2147483647;
			files = (
				9AAF80810CD7EBE300ADF8D4 /* MyTermColors.m in Sources */,
				9A39AA3E0CDDD1E700E95DF9 /* MyTTView.m in Sources */,
				9AD68AA20FA11D7F000500AF /* MyTTAppPrefsController.m in Sources */,
				9ADEC54E0FC1850F00D6CB7F /* MyTTProfile.m in Sources */,
				9ADEC59B0FC1AB3800D6CB7F /* ProfileTableViewDelegate.m in Sources */,
			);
			runOnlyForDeploymentPostprocessing = 0;
		};
/* End PBXSourcesBuildPhase section */

/* Begin PBXVariantGroup section */
		089C167DFE841241C02AAC07 /* InfoPlist.strings */ = {
			isa = PBXVariantGroup;
			children = (
				089C167EFE841241C02AAC07 /* English */,
			);
			name = InfoPlist.strings;
			sourceTree = "<group>";
		};
/* End PBXVariantGroup section */

/* Begin XCBuildConfiguration section */
		1DEB913B08733D840010E9CD /* Debug */ = {
			isa = XCBuildConfiguration;
			buildSettings = {
				COPY_PHASE_STRIP = NO;
				GCC_DYNAMIC_NO_PIC = NO;
				GCC_ENABLE_FIX_AND_CONTINUE = YES;
				GCC_MODEL_TUNING = G5;
				GCC_OPTIMIZATION_LEVEL = 0;
				GCC_PRECOMPILE_PREFIX_HEADER = YES;
				GCC_PREFIX_HEADER = MyTermColors_Prefix.pch;
				INFOPLIST_FILE = Info.plist;
				INSTALL_PATH = "$(HOME)/Library/Bundles";
				PRODUCT_NAME = MyTermColors;
				WRAPPER_EXTENSION = bundle;
				ZERO_LINK = YES;
			};
			name = Debug;
		};
		1DEB913C08733D840010E9CD /* Release */ = {
			isa = XCBuildConfiguration;
			buildSettings = {
				DEBUG_INFORMATION_FORMAT = "dwarf-with-dsym";
				GCC_MODEL_TUNING = G5;
				GCC_PRECOMPILE_PREFIX_HEADER = YES;
				GCC_PREFIX_HEADER = MyTermColors_Prefix.pch;
				INFOPLIST_FILE = Info.plist;
				INSTALL_PATH = "$(HOME)/Library/Bundles";
				PRODUCT_NAME = MyTermColors;
				WRAPPER_EXTENSION = bundle;
			};
			name = Release;
		};
		1DEB913F08733D840010E9CD /* Debug */ = {
			isa = XCBuildConfiguration;
			buildSettings = {
				GCC_WARN_ABOUT_RETURN_TYPE = YES;
				GCC_WARN_UNUSED_VARIABLE = YES;
				PREBINDING = NO;
				SDKROOT = "$(DEVELOPER_SDK_DIR)/MacOSX10.5.sdk";
			};
			name = Debug;
		};
		1DEB914008733D840010E9CD /* Release */ = {
			isa = XCBuildConfiguration;
			buildSettings = {
				ARCHS = (
					ppc,
					i386,
				);
				GCC_WARN_ABOUT_RETURN_TYPE = YES;
				GCC_WARN_UNUSED_VARIABLE = YES;
				OTHER_LDFLAGS = (
					"-undefined",
					suppress,
					"-undefined",
					dynamic_lookup,
				);
				PREBINDING = NO;
				SDKROOT = "$(DEVELOPER_SDK_DIR)/MacOSX10.5.sdk";
			};
			name = Release;
		};
/* End XCBuildConfiguration section */

/* Begin XCConfigurationList section */
		1DEB913A08733D840010E9CD /* Build configuration list for PBXNativeTarget "MyTermColors" */ = {
			isa = XCConfigurationList;
			buildConfigurations = (
				1DEB913B08733D840010E9CD /* Debug */,
				1DEB913C08733D840010E9CD /* Release */,
			);
			defaultConfigurationIsVisible = 0;
			defaultConfigurationName = Release;
		};
		1DEB913E08733D840010E9CD /* Build configuration list for PBXProject "MyTermColors" */ = {
			isa = XCConfigurationList;
			buildConfigurations = (
				1DEB913F08733D840010E9CD /* Debug */,
				1DEB914008733D840010E9CD /* Release */,
			);
			defaultConfigurationIsVisible = 0;
			defaultConfigurationName = Release;
		};
/* End XCConfigurationList section */
	};
	rootObject = 089C1669FE841209C02AAC07 /* Project object */;
}
