// !$*UTF8*$!
{
	archiveVersion = 1;
	classes = {
	};
	objectVersion = 46;
	objects = {

/* Begin PBXBuildFile section */
		8D5B49B4048680CD000E48DA /* Cocoa.framework in Frameworks */ = {isa = PBXBuildFile; fileRef = 1058C7ADFEA557BF11CA2CBB /* Cocoa.framework */; };
		9A1445A80FC30B1100A791C0 /* JRSwizzle.m in Sources */ = {isa = PBXBuildFile; fileRef = 9A1445A70FC30B1100A791C0 /* JRSwizzle.m */; };
		9A39AA3E0CDDD1E700E95DF9 /* MyTTView.m in Sources */ = {isa = PBXBuildFile; fileRef = 9A39AA3D0CDDD1E700E95DF9 /* MyTTView.m */; };
		9AAF80810CD7EBE300ADF8D4 /* MyTermColors.m in Sources */ = {isa = PBXBuildFile; fileRef = 9AAF80800CD7EBE300ADF8D4 /* MyTermColors.m */; };
		9AB5598B0FC43C6B00F73DB4 /* MyTTProfile.m in Sources */ = {isa = PBXBuildFile; fileRef = 9AB559890FC43C6B00F73DB4 /* MyTTProfile.m */; };
		9AB55ACA0FC4526900F73DB4 /* MyColors.m in Sources */ = {isa = PBXBuildFile; fileRef = 9AB55AC90FC4526900F73DB4 /* MyColors.m */; };
		9AD68AA20FA11D7F000500AF /* MyTTAppPrefsController.m in Sources */ = {isa = PBXBuildFile; fileRef = 9AD68AA10FA11D7F000500AF /* MyTTAppPrefsController.m */; };
		9ADEC7B50FC223E300D6CB7F /* colors_selector.xib in Resources */ = {isa = PBXBuildFile; fileRef = 9ADEC7B20FC223B400D6CB7F /* colors_selector.xib */; };
/* End PBXBuildFile section */

/* Begin PBXFileReference section */
		089C1672FE841209C02AAC07 /* Foundation.framework */ = {isa = PBXFileReference; lastKnownFileType = wrapper.framework; name = Foundation.framework; path = /System/Library/Frameworks/Foundation.framework; sourceTree = "<absolute>"; };
		089C167FFE841241C02AAC07 /* AppKit.framework */ = {isa = PBXFileReference; lastKnownFileType = wrapper.framework; name = AppKit.framework; path = /System/Library/Frameworks/AppKit.framework; sourceTree = "<absolute>"; };
		1058C7ADFEA557BF11CA2CBB /* Cocoa.framework */ = {isa = PBXFileReference; lastKnownFileType = wrapper.framework; name = Cocoa.framework; path = /System/Library/Frameworks/Cocoa.framework; sourceTree = "<absolute>"; };
		32DBCF630370AF2F00C91783 /* MyTermColors_Prefix.pch */ = {isa = PBXFileReference; fileEncoding = 4; lastKnownFileType = sourcecode.c.h; path = MyTermColors_Prefix.pch; sourceTree = "<group>"; };
		8D5B49B6048680CD000E48DA /* MyTermColors.bundle */ = {isa = PBXFileReference; explicitFileType = wrapper.cfbundle; includeInIndex = 0; path = MyTermColors.bundle; sourceTree = BUILT_PRODUCTS_DIR; };
		8D5B49B7048680CD000E48DA /* Info.plist */ = {isa = PBXFileReference; fileEncoding = 4; lastKnownFileType = text.plist.xml; path = Info.plist; sourceTree = "<group>"; };
		9A1445A60FC30B1100A791C0 /* JRSwizzle.h */ = {isa = PBXFileReference; fileEncoding = 4; lastKnownFileType = sourcecode.c.h; path = JRSwizzle.h; sourceTree = "<group>"; };
		9A1445A70FC30B1100A791C0 /* JRSwizzle.m */ = {isa = PBXFileReference; fileEncoding = 4; lastKnownFileType = sourcecode.c.objc; path = JRSwizzle.m; sourceTree = "<group>"; };
		9A1F7E380FCEFC2F00DCFD85 /* Spanish */ = {isa = PBXFileReference; lastKnownFileType = text.plist.strings; name = Spanish; path = Spanish.lproj/colors_selector.strings; sourceTree = "<group>"; };
		9A1F7E3C0FCEFCC000DCFD85 /* Spanish */ = {isa = PBXFileReference; lastKnownFileType = file.xib; name = Spanish; path = Spanish.lproj/colors_selector.xib; sourceTree = "<group>"; };
		9A1F7E3E0FCEFCD600DCFD85 /* Spanish */ = {isa = PBXFileReference; lastKnownFileType = text.plist.strings; name = Spanish; path = Spanish.lproj/Localizable.strings; sourceTree = "<group>"; };
		9A39AA3C0CDDD1E700E95DF9 /* MyTTView.h */ = {isa = PBXFileReference; fileEncoding = 4; lastKnownFileType = sourcecode.c.h; path = MyTTView.h; sourceTree = "<group>"; };
		9A39AA3D0CDDD1E700E95DF9 /* MyTTView.m */ = {isa = PBXFileReference; fileEncoding = 4; lastKnownFileType = sourcecode.c.objc; path = MyTTView.m; sourceTree = "<group>"; };
		9A76E16F0FC2337600B70E8E /* German */ = {isa = PBXFileReference; lastKnownFileType = text.plist.strings; name = German; path = German.lproj/Localizable.strings; sourceTree = "<group>"; };
		9AAF807F0CD7EBE300ADF8D4 /* MyTermColors.h */ = {isa = PBXFileReference; fileEncoding = 4; lastKnownFileType = sourcecode.c.h; path = MyTermColors.h; sourceTree = "<group>"; };
		9AAF80800CD7EBE300ADF8D4 /* MyTermColors.m */ = {isa = PBXFileReference; fileEncoding = 4; lastKnownFileType = sourcecode.c.objc; path = MyTermColors.m; sourceTree = "<group>"; };
		9AB559890FC43C6B00F73DB4 /* MyTTProfile.m */ = {isa = PBXFileReference; fileEncoding = 4; lastKnownFileType = sourcecode.c.objc; path = MyTTProfile.m; sourceTree = "<group>"; };
		9AB5598A0FC43C6B00F73DB4 /* MyTTProfile.h */ = {isa = PBXFileReference; fileEncoding = 4; lastKnownFileType = sourcecode.c.h; path = MyTTProfile.h; sourceTree = "<group>"; };
		9AB55A5D0FC44B0400F73DB4 /* English */ = {isa = PBXFileReference; fileEncoding = 10; lastKnownFileType = text.plist.strings; name = English; path = English.lproj/colors_selector.strings; sourceTree = "<group>"; };
		9AB55A5F0FC44B4C00F73DB4 /* French */ = {isa = PBXFileReference; lastKnownFileType = text.plist.strings; name = French; path = French.lproj/colors_selector.strings; sourceTree = "<group>"; };
		9AB55A600FC44B6B00F73DB4 /* German */ = {isa = PBXFileReference; lastKnownFileType = text.plist.strings; name = German; path = German.lproj/colors_selector.strings; sourceTree = "<group>"; };
		9AB55AC80FC4526900F73DB4 /* MyColors.h */ = {isa = PBXFileReference; fileEncoding = 4; lastKnownFileType = sourcecode.c.h; path = MyColors.h; sourceTree = "<group>"; };
		9AB55AC90FC4526900F73DB4 /* MyColors.m */ = {isa = PBXFileReference; fileEncoding = 4; lastKnownFileType = sourcecode.c.objc; path = MyColors.m; sourceTree = "<group>"; };
		9AD68AA00FA11D7F000500AF /* MyTTAppPrefsController.h */ = {isa = PBXFileReference; fileEncoding = 4; lastKnownFileType = sourcecode.c.h; path = MyTTAppPrefsController.h; sourceTree = "<group>"; };
		9AD68AA10FA11D7F000500AF /* MyTTAppPrefsController.m */ = {isa = PBXFileReference; fileEncoding = 4; lastKnownFileType = sourcecode.c.objc; path = MyTTAppPrefsController.m; sourceTree = "<group>"; };
		9ADEC7B40FC223CD00D6CB7F /* French */ = {isa = PBXFileReference; lastKnownFileType = file.xib; name = French; path = French.lproj/colors_selector.xib; sourceTree = "<group>"; };
		9ADEC7DD0FC2267200D6CB7F /* English */ = {isa = PBXFileReference; fileEncoding = 10; lastKnownFileType = text.plist.strings; name = English; path = English.lproj/Localizable.strings; sourceTree = "<group>"; };
		9ADEC7E10FC2269400D6CB7F /* French */ = {isa = PBXFileReference; lastKnownFileType = text.plist.strings; name = French; path = French.lproj/Localizable.strings; sourceTree = "<group>"; };
		9ADEC83F0FC22E4200D6CB7F /* German */ = {isa = PBXFileReference; lastKnownFileType = file.xib; name = German; path = German.lproj/colors_selector.xib; sourceTree = "<group>"; };
		9AF7C3E60FC0A0E8007B4CE7 /* English */ = {isa = PBXFileReference; lastKnownFileType = file.xib; name = English; path = English.lproj/colors_selector.xib; sourceTree = "<group>"; };
		D2F7E65807B2D6F200F64583 /* CoreData.framework */ = {isa = PBXFileReference; lastKnownFileType = wrapper.framework; name = CoreData.framework; path = /System/Library/Frameworks/CoreData.framework; sourceTree = "<absolute>"; };
/* End PBXFileReference section */

/* Begin PBXFrameworksBuildPhase section */
		8D5B49B3048680CD000E48DA /* Frameworks */ = {
			isa = PBXFrameworksBuildPhase;
			buildActionMask = 2147483647;
			files = (
				8D5B49B4048680CD000E48DA /* Cocoa.framework in Frameworks */,
			);
			runOnlyForDeploymentPostprocessing = 0;
		};
/* End PBXFrameworksBuildPhase section */

/* Begin PBXGroup section */
		089C166AFE841209C02AAC07 /* MyTermColors */ = {
			isa = PBXGroup;
			children = (
				08FB77AFFE84173DC02AAC07 /* Classes */,
				32C88E010371C26100C91783 /* Other Sources */,
				089C167CFE841241C02AAC07 /* Resources */,
				089C1671FE841209C02AAC07 /* Frameworks and Libraries */,
				19C28FB8FE9D52D311CA2CBB /* Products */,
			);
			name = MyTermColors;
			sourceTree = "<group>";
		};
		089C1671FE841209C02AAC07 /* Frameworks and Libraries */ = {
			isa = PBXGroup;
			children = (
				1058C7ACFEA557BF11CA2CBB /* Linked Frameworks */,
				1058C7AEFEA557BF11CA2CBB /* Other Frameworks */,
			);
			name = "Frameworks and Libraries";
			sourceTree = "<group>";
		};
		089C167CFE841241C02AAC07 /* Resources */ = {
			isa = PBXGroup;
			children = (
				9AB55A5C0FC44B0400F73DB4 /* colors_selector.strings */,
				9ADEC7B20FC223B400D6CB7F /* colors_selector.xib */,
				8D5B49B7048680CD000E48DA /* Info.plist */,
				9ADEC7DF0FC2267900D6CB7F /* Localizable.strings */,
			);
			name = Resources;
			sourceTree = "<group>";
		};
		08FB77AFFE84173DC02AAC07 /* Classes */ = {
			isa = PBXGroup;
			children = (
				9AB559890FC43C6B00F73DB4 /* MyTTProfile.m */,
				9AB5598A0FC43C6B00F73DB4 /* MyTTProfile.h */,
				9A1445A60FC30B1100A791C0 /* JRSwizzle.h */,
				9A1445A70FC30B1100A791C0 /* JRSwizzle.m */,
				9AD68AA00FA11D7F000500AF /* MyTTAppPrefsController.h */,
				9AD68AA10FA11D7F000500AF /* MyTTAppPrefsController.m */,
				9A39AA3C0CDDD1E700E95DF9 /* MyTTView.h */,
				9A39AA3D0CDDD1E700E95DF9 /* MyTTView.m */,
				9AAF807F0CD7EBE300ADF8D4 /* MyTermColors.h */,
				9AAF80800CD7EBE300ADF8D4 /* MyTermColors.m */,
				9AB55AC80FC4526900F73DB4 /* MyColors.h */,
				9AB55AC90FC4526900F73DB4 /* MyColors.m */,
			);
			name = Classes;
			sourceTree = "<group>";
		};
		1058C7ACFEA557BF11CA2CBB /* Linked Frameworks */ = {
			isa = PBXGroup;
			children = (
				1058C7ADFEA557BF11CA2CBB /* Cocoa.framework */,
			);
			name = "Linked Frameworks";
			sourceTree = "<group>";
		};
		1058C7AEFEA557BF11CA2CBB /* Other Frameworks */ = {
			isa = PBXGroup;
			children = (
				089C167FFE841241C02AAC07 /* AppKit.framework */,
				D2F7E65807B2D6F200F64583 /* CoreData.framework */,
				089C1672FE841209C02AAC07 /* Foundation.framework */,
			);
			name = "Other Frameworks";
			sourceTree = "<group>";
		};
		19C28FB8FE9D52D311CA2CBB /* Products */ = {
			isa = PBXGroup;
			children = (
				8D5B49B6048680CD000E48DA /* MyTermColors.bundle */,
			);
			name = Products;
			sourceTree = "<group>";
		};
		32C88E010371C26100C91783 /* Other Sources */ = {
			isa = PBXGroup;
			children = (
				32DBCF630370AF2F00C91783 /* MyTermColors_Prefix.pch */,
			);
			name = "Other Sources";
			sourceTree = "<group>";
		};
/* End PBXGroup section */

/* Begin PBXNativeTarget section */
		8D5B49AC048680CD000E48DA /* MyTermColors */ = {
			isa = PBXNativeTarget;
			buildConfigurationList = 1DEB913A08733D840010E9CD /* Build configuration list for PBXNativeTarget "MyTermColors" */;
			buildPhases = (
				9AB559E90FC4401500F73DB4 /* Localize nibs from English */,
				8D5B49AF048680CD000E48DA /* Resources */,
				8D5B49B1048680CD000E48DA /* Sources */,
				8D5B49B3048680CD000E48DA /* Frameworks */,
				9A1F7E460FCEFD8600DCFD85 /* Create package with Iceberg */,
				9A1F7E6A0FCEFF0200DCFD85 /* Create DMG */,
			);
			buildRules = (
			);
			dependencies = (
			);
			name = MyTermColors;
			productInstallPath = "$(HOME)/Library/Bundles";
			productName = MyTermColors;
			productReference = 8D5B49B6048680CD000E48DA /* MyTermColors.bundle */;
			productType = "com.apple.product-type.bundle";
		};
/* End PBXNativeTarget section */

/* Begin PBXProject section */
		089C1669FE841209C02AAC07 /* Project object */ = {
			isa = PBXProject;
			buildConfigurationList = 1DEB913E08733D840010E9CD /* Build configuration list for PBXProject "MyTermColors" */;
			compatibilityVersion = "Xcode 3.2";
			hasScannedForEncodings = 1;
			knownRegions = (
				English,
				Japanese,
				French,
				German,
				Spanish,
			);
			mainGroup = 089C166AFE841209C02AAC07 /* MyTermColors */;
			projectDirPath = "";
			projectRoot = "";
			targets = (
				8D5B49AC048680CD000E48DA /* MyTermColors */,
			);
		};
/* End PBXProject section */

/* Begin PBXResourcesBuildPhase section */
		8D5B49AF048680CD000E48DA /* Resources */ = {
			isa = PBXResourcesBuildPhase;
			buildActionMask = 2147483647;
			files = (
				9ADEC7B50FC223E300D6CB7F /* colors_selector.xib in Resources */,
			);
			runOnlyForDeploymentPostprocessing = 0;
		};
/* End PBXResourcesBuildPhase section */

/* Begin PBXShellScriptBuildPhase section */
		9A1F7E460FCEFD8600DCFD85 /* Create package with Iceberg */ = {
			isa = PBXShellScriptBuildPhase;
			buildActionMask = 2147483647;
			files = (
			);
			inputPaths = (
				"$(SRCROOT)/build/Release/MyTermColors.bundle",
				"$(SRCROOT)/MyTermColors.packproj",
				"$(SRCROOT)/ScriptPreflight.txt",
				"$(SRCROOT)/ScriptPostflight.txt",
			);
			name = "Create package with Iceberg";
			outputPaths = (
				"$(SRCROOT)/build/MyTermColors.pkg",
			);
			runOnlyForDeploymentPostprocessing = 0;
			shellPath = /bin/sh;
			shellScript = "/usr/local/bin/freeze MyTermColors.packproj";
		};
		9A1F7E6A0FCEFF0200DCFD85 /* Create DMG */ = {
			isa = PBXShellScriptBuildPhase;
			buildActionMask = 2147483647;
			files = (
			);
			inputPaths = (
				"$(SRCROOT)/MyTermColors.dmgCanvas",
				"$(SRCROOT)/build/MyTermColors.pkg",
			);
			name = "Create DMG";
			outputPaths = (
				"$(SRCROOT)/build/MyTermColors-2.0a.dmg",
			);
			runOnlyForDeploymentPostprocessing = 0;
			shellPath = /bin/sh;
			shellScript = "# Create the DMG file\nrm -rf build/MyTermColors-2.0a.dmg\n/usr/local/bin/dmgcanvas -t MyTermColors.dmgCanvas -o build/MyTermColors-2.0a.dmg";
		};
		9AB559E90FC4401500F73DB4 /* Localize nibs from English */ = {
			isa = PBXShellScriptBuildPhase;
			buildActionMask = 2147483647;
			files = (
			);
			inputPaths = (
				"$(SRCROOT)/English.lproj/colors_selector.xib",
				"$(SRCROOT)/English.lproj/colors_selector.strings",
				"$(SRCROOT)/French.lproj/colors_selector.strings",
				"$(SRCROOT)/German.lproj/colors_selector.strings",
				"$(SRCROOT)/Spanish.lproj/colors_selector.strings",
			);
			name = "Localize nibs from English";
			outputPaths = (
				"$(SRCROOT)/Spanish.lproj/colors_selector.xib",
				"$(SRCROOT)/French.lproj/colors_selector.xib",
				"$(SRCROOT)/German.lproj/colors_selector.xib",
			);
			runOnlyForDeploymentPostprocessing = 0;
			shellPath = /bin/sh;
			shellScript = "ibtool --strings-file French.lproj/colors_selector.strings --write French.lproj/colors_selector.xib English.lproj/colors_selector.xib\nibtool --strings-file German.lproj/colors_selector.strings --write German.lproj/colors_selector.xib English.lproj/colors_selector.xib\nibtool --strings-file Spanish.lproj/colors_selector.strings --write Spanish.lproj/colors_selector.xib English.lproj/colors_selector.xib\n";
		};
/* End PBXShellScriptBuildPhase section */

/* Begin PBXSourcesBuildPhase section */
		8D5B49B1048680CD000E48DA /* Sources */ = {
			isa = PBXSourcesBuildPhase;
			buildActionMask = 2147483647;
			files = (
				9AAF80810CD7EBE300ADF8D4 /* MyTermColors.m in Sources */,
				9A39AA3E0CDDD1E700E95DF9 /* MyTTView.m in Sources */,
				9AD68AA20FA11D7F000500AF /* MyTTAppPrefsController.m in Sources */,
				9A1445A80FC30B1100A791C0 /* JRSwizzle.m in Sources */,
				9AB5598B0FC43C6B00F73DB4 /* MyTTProfile.m in Sources */,
				9AB55ACA0FC4526900F73DB4 /* MyColors.m in Sources */,
			);
			runOnlyForDeploymentPostprocessing = 0;
		};
/* End PBXSourcesBuildPhase section */

/* Begin PBXVariantGroup section */
		9AB55A5C0FC44B0400F73DB4 /* colors_selector.strings */ = {
			isa = PBXVariantGroup;
			children = (
				9AB55A5D0FC44B0400F73DB4 /* English */,
				9AB55A5F0FC44B4C00F73DB4 /* French */,
				9AB55A600FC44B6B00F73DB4 /* German */,
				9A1F7E380FCEFC2F00DCFD85 /* Spanish */,
			);
			name = colors_selector.strings;
			sourceTree = "<group>";
		};
		9ADEC7B20FC223B400D6CB7F /* colors_selector.xib */ = {
			isa = PBXVariantGroup;
			children = (
				9AF7C3E60FC0A0E8007B4CE7 /* English */,
				9ADEC7B40FC223CD00D6CB7F /* French */,
				9ADEC83F0FC22E4200D6CB7F /* German */,
				9A1F7E3C0FCEFCC000DCFD85 /* Spanish */,
			);
			name = colors_selector.xib;
			sourceTree = "<group>";
		};
		9ADEC7DF0FC2267900D6CB7F /* Localizable.strings */ = {
			isa = PBXVariantGroup;
			children = (
				9ADEC7DD0FC2267200D6CB7F /* English */,
				9ADEC7E10FC2269400D6CB7F /* French */,
				9A76E16F0FC2337600B70E8E /* German */,
				9A1F7E3E0FCEFCD600DCFD85 /* Spanish */,
			);
			name = Localizable.strings;
			sourceTree = "<group>";
		};
/* End PBXVariantGroup section */

/* Begin XCBuildConfiguration section */
		1DEB913B08733D840010E9CD /* Debug */ = {
			isa = XCBuildConfiguration;
			buildSettings = {
				ARCHS = "$(ARCHS_STANDARD_32_BIT)";
				COPY_PHASE_STRIP = NO;
				GCC_DYNAMIC_NO_PIC = NO;
				GCC_ENABLE_FIX_AND_CONTINUE = YES;
				GCC_MODEL_TUNING = G5;
				GCC_OPTIMIZATION_LEVEL = 0;
				GCC_PRECOMPILE_PREFIX_HEADER = YES;
				GCC_PREFIX_HEADER = MyTermColors_Prefix.pch;
				INFOPLIST_FILE = Info.plist;
				INSTALL_PATH = "$(HOME)/Library/Bundles";
				PRODUCT_NAME = MyTermColors;
				SDKROOT = macosx10.6;
				VALID_ARCHS = i386;
				WRAPPER_EXTENSION = bundle;
				ZERO_LINK = YES;
			};
			name = Debug;
		};
		1DEB913C08733D840010E9CD /* Release */ = {
			isa = XCBuildConfiguration;
			buildSettings = {
				ARCHS = "$(ARCHS_STANDARD_32_64_BIT)";
				DEBUG_INFORMATION_FORMAT = "dwarf-with-dsym";
				GCC_MODEL_TUNING = G5;
				GCC_PRECOMPILE_PREFIX_HEADER = YES;
				GCC_PREFIX_HEADER = MyTermColors_Prefix.pch;
				INFOPLIST_FILE = Info.plist;
				INSTALL_PATH = "$(HOME)/Library/Bundles";
				PRODUCT_NAME = MyTermColors;
				SDKROOT = macosx10.6;
				VALID_ARCHS = "i386 x86_64";
				WRAPPER_EXTENSION = bundle;
			};
			name = Release;
		};
		1DEB913F08733D840010E9CD /* Debug */ = {
			isa = XCBuildConfiguration;
			buildSettings = {
				GCC_WARN_ABOUT_RETURN_TYPE = YES;
				GCC_WARN_UNUSED_VARIABLE = YES;
				PREBINDING = NO;
				SDKROOT = macosx10.6;
			};
			name = Debug;
		};
		1DEB914008733D840010E9CD /* Release */ = {
			isa = XCBuildConfiguration;
			buildSettings = {
				ARCHS = "$(ARCHS_STANDARD_32_64_BIT)";
				GCC_ENABLE_SYMBOL_SEPARATION = NO;
				GCC_VERSION = "";
				GCC_WARN_ABOUT_RETURN_TYPE = YES;
				GCC_WARN_UNUSED_VARIABLE = YES;
				OTHER_LDFLAGS = (
					"-undefined",
					suppress,
					"-undefined",
					dynamic_lookup,
				);
				PREBINDING = NO;
				PRECOMPS_INCLUDE_HEADERS_FROM_BUILT_PRODUCTS_DIR = NO;
				SDKROOT = macosx10.6;
			};
			name = Release;
		};
/* End XCBuildConfiguration section */

/* Begin XCConfigurationList section */
		1DEB913A08733D840010E9CD /* Build configuration list for PBXNativeTarget "MyTermColors" */ = {
			isa = XCConfigurationList;
			buildConfigurations = (
				1DEB913B08733D840010E9CD /* Debug */,
				1DEB913C08733D840010E9CD /* Release */,
			);
			defaultConfigurationIsVisible = 0;
			defaultConfigurationName = Release;
		};
		1DEB913E08733D840010E9CD /* Build configuration list for PBXProject "MyTermColors" */ = {
			isa = XCConfigurationList;
			buildConfigurations = (
				1DEB913F08733D840010E9CD /* Debug */,
				1DEB914008733D840010E9CD /* Release */,
			);
			defaultConfigurationIsVisible = 0;
			defaultConfigurationName = Release;
		};
/* End XCConfigurationList section */
	};
	rootObject = 089C1669FE841209C02AAC07 /* Project object */;
}
